// !$*UTF8*$!
{
	archiveVersion = 1;
	classes = {
	};
	objectVersion = 51;
	objects = {

/* Begin PBXBuildFile section */
		840A8F6D27951E0200E9CB95 /* FirestoreChatRoomsTableViewCell.swift in Sources */ = {isa = PBXBuildFile; fileRef = 840A8F6C27951E0200E9CB95 /* FirestoreChatRoomsTableViewCell.swift */; };
		840A8F6F279537B300E9CB95 /* FirestoreChatMessages.storyboard in Resources */ = {isa = PBXBuildFile; fileRef = 840A8F6E279537B300E9CB95 /* FirestoreChatMessages.storyboard */; };
		840A8F7127953F7600E9CB95 /* FirestoreChatMessagesViewController.swift in Sources */ = {isa = PBXBuildFile; fileRef = 840A8F7027953F7600E9CB95 /* FirestoreChatMessagesViewController.swift */; };
		840A8F732796673D00E9CB95 /* FirestoreChatMessagesTableViewCell.swift in Sources */ = {isa = PBXBuildFile; fileRef = 840A8F722796673D00E9CB95 /* FirestoreChatMessagesTableViewCell.swift */; };
		840B967827C37678008808D7 /* ChatRoomsTableViewCell.swift in Sources */ = {isa = PBXBuildFile; fileRef = 840B967727C37678008808D7 /* ChatRoomsTableViewCell.swift */; };
		84506DB327CF0FDA00F1CE73 /* SettingsVC.swift in Sources */ = {isa = PBXBuildFile; fileRef = 84506DB227CF0FDA00F1CE73 /* SettingsVC.swift */; };
		84506DB627CF180A00F1CE73 /* NewMessageVC.swift in Sources */ = {isa = PBXBuildFile; fileRef = 84506DB527CF180A00F1CE73 /* NewMessageVC.swift */; };
		84506DB927CF5E9700F1CE73 /* NewMessageChooseUserVC.swift in Sources */ = {isa = PBXBuildFile; fileRef = 84506DB827CF5E9700F1CE73 /* NewMessageChooseUserVC.swift */; };
		84506DBB27D1B2EC00F1CE73 /* NewMessageChooseUserTableViewCell.swift in Sources */ = {isa = PBXBuildFile; fileRef = 84506DBA27D1B2EC00F1CE73 /* NewMessageChooseUserTableViewCell.swift */; };
		845928C1278D5A3C004AEEBF /* FirestoreChatViewController.swift in Sources */ = {isa = PBXBuildFile; fileRef = 845928C0278D5A3C004AEEBF /* FirestoreChatViewController.swift */; };
		845928C3278E6D54004AEEBF /* FirestoreManager.swift in Sources */ = {isa = PBXBuildFile; fileRef = 845928C2278E6D53004AEEBF /* FirestoreManager.swift */; };
		8469AD4F278BDF64004C6E85 /* ConversationTableViewCell.swift in Sources */ = {isa = PBXBuildFile; fileRef = 8469AD4E278BDF64004C6E85 /* ConversationTableViewCell.swift */; };
		846EAB332769D4C5003EE00F /* AppDelegate.swift in Sources */ = {isa = PBXBuildFile; fileRef = 846EAB322769D4C5003EE00F /* AppDelegate.swift */; };
		846EAB352769D4C5003EE00F /* SceneDelegate.swift in Sources */ = {isa = PBXBuildFile; fileRef = 846EAB342769D4C5003EE00F /* SceneDelegate.swift */; };
		846EAB372769D4C5003EE00F /* ConversationsViewController.swift in Sources */ = {isa = PBXBuildFile; fileRef = 846EAB362769D4C5003EE00F /* ConversationsViewController.swift */; };
		846EAB3A2769D4C5003EE00F /* Main.storyboard in Resources */ = {isa = PBXBuildFile; fileRef = 846EAB382769D4C5003EE00F /* Main.storyboard */; };
		846EAB3C2769D4C8003EE00F /* Assets.xcassets in Resources */ = {isa = PBXBuildFile; fileRef = 846EAB3B2769D4C8003EE00F /* Assets.xcassets */; };
		846EAB3F2769D4C8003EE00F /* LaunchScreen.storyboard in Resources */ = {isa = PBXBuildFile; fileRef = 846EAB3D2769D4C8003EE00F /* LaunchScreen.storyboard */; };
		846EAB4D2769DF01003EE00F /* LoginViewController.swift in Sources */ = {isa = PBXBuildFile; fileRef = 846EAB4C2769DF01003EE00F /* LoginViewController.swift */; };
		846EAB4F2769DF1E003EE00F /* RegisterViewController.swift in Sources */ = {isa = PBXBuildFile; fileRef = 846EAB4E2769DF1E003EE00F /* RegisterViewController.swift */; };
		846EAB552769DFB7003EE00F /* NewConversationViewController.swift in Sources */ = {isa = PBXBuildFile; fileRef = 846EAB542769DFB7003EE00F /* NewConversationViewController.swift */; };
		846EAB572769DFDB003EE00F /* ProfileViewController.swift in Sources */ = {isa = PBXBuildFile; fileRef = 846EAB562769DFDB003EE00F /* ProfileViewController.swift */; };
		846EAB5A2769F21E003EE00F /* Extensions.swift in Sources */ = {isa = PBXBuildFile; fileRef = 846EAB592769F21D003EE00F /* Extensions.swift */; };
		846EAB5C276B12F1003EE00F /* GoogleService-Info.plist in Resources */ = {isa = PBXBuildFile; fileRef = 846EAB5B276B12F1003EE00F /* GoogleService-Info.plist */; };
		846EAB5E276B476D003EE00F /* DatabaseManager.swift in Sources */ = {isa = PBXBuildFile; fileRef = 846EAB5D276B476D003EE00F /* DatabaseManager.swift */; };
		846EAB6027703535003EE00F /* ChatViewController.swift in Sources */ = {isa = PBXBuildFile; fileRef = 846EAB5F27703535003EE00F /* ChatViewController.swift */; };
		8474E09A2797AAD80021BB96 /* TimestampManager.swift in Sources */ = {isa = PBXBuildFile; fileRef = 8474E0992797AAD80021BB96 /* TimestampManager.swift */; };
		8474E0A127A286CF0021BB96 /* Chat.swift in Sources */ = {isa = PBXBuildFile; fileRef = 8474E0A027A286CF0021BB96 /* Chat.swift */; };
		847CE04627716C60006F4A1D /* StorageManager.swift in Sources */ = {isa = PBXBuildFile; fileRef = 847CE04527716C60006F4A1D /* StorageManager.swift */; };
		84AB657427B395A000518261 /* CoreData.xcdatamodeld in Sources */ = {isa = PBXBuildFile; fileRef = 84AB657227B3959F00518261 /* CoreData.xcdatamodeld */; };
		84AF308427B6432C00F092DB /* CoreDataManager.swift in Sources */ = {isa = PBXBuildFile; fileRef = 84AF308327B6432B00F092DB /* CoreDataManager.swift */; };
		84BDCA9027BCA26800120E3F /* FCMManager.swift in Sources */ = {isa = PBXBuildFile; fileRef = 84BDCA8F27BCA26800120E3F /* FCMManager.swift */; };
		84BDCA9127BCA3CA00120E3F /* Pods_Firebase_Chat.framework in Frameworks */ = {isa = PBXBuildFile; fileRef = 5ADDAD72987745EFF8199BEA /* Pods_Firebase_Chat.framework */; };
		84BDCA9527BDE68600120E3F /* FirebaseManager.swift in Sources */ = {isa = PBXBuildFile; fileRef = 84BDCA9427BDE68600120E3F /* FirebaseManager.swift */; };
		84BDCA9727BDE98B00120E3F /* Login.storyboard in Resources */ = {isa = PBXBuildFile; fileRef = 84BDCA9627BDE98B00120E3F /* Login.storyboard */; };
		84BDCA9927BDE99B00120E3F /* Register.storyboard in Resources */ = {isa = PBXBuildFile; fileRef = 84BDCA9827BDE99B00120E3F /* Register.storyboard */; };
		84BDCA9D27BDE9D900120E3F /* ChatMessages.storyboard in Resources */ = {isa = PBXBuildFile; fileRef = 84BDCA9C27BDE9D900120E3F /* ChatMessages.storyboard */; };
		84BDCAA027BDEA3C00120E3F /* Settings.storyboard in Resources */ = {isa = PBXBuildFile; fileRef = 84BDCA9F27BDEA3C00120E3F /* Settings.storyboard */; };
		84BDCAA727BDEB9200120E3F /* RegisterVC.swift in Sources */ = {isa = PBXBuildFile; fileRef = 84BDCAA627BDEB9200120E3F /* RegisterVC.swift */; };
		84BDCAAA27BDEBB700120E3F /* LoginVC.swift in Sources */ = {isa = PBXBuildFile; fileRef = 84BDCAA927BDEBB700120E3F /* LoginVC.swift */; };
		84BDCAAC27BDF71F00120E3F /* NewMessage.storyboard in Resources */ = {isa = PBXBuildFile; fileRef = 84BDCAAB27BDF71F00120E3F /* NewMessage.storyboard */; };
		84BDCAAE27BE1C9400120E3F /* NewMessageChooseUser.storyboard in Resources */ = {isa = PBXBuildFile; fileRef = 84BDCAAD27BE1C9400120E3F /* NewMessageChooseUser.storyboard */; };
		84D46CF227BB7DD8003DFFC7 /* UserOld.swift in Sources */ = {isa = PBXBuildFile; fileRef = 84D46CF127BB7DD8003DFFC7 /* UserOld.swift */; };
		84D851BF27BE2DC1003FC8FD /* ChatRoomsVC.swift in Sources */ = {isa = PBXBuildFile; fileRef = 84D851BE27BE2DC1003FC8FD /* ChatRoomsVC.swift */; };
		84D851C327BE44AD003FC8FD /* AlertManager.swift in Sources */ = {isa = PBXBuildFile; fileRef = 84D851C227BE44AD003FC8FD /* AlertManager.swift */; };
		84F9143227C4E90E000FB5D7 /* ChatMessagesVC.swift in Sources */ = {isa = PBXBuildFile; fileRef = 84F9143127C4E90E000FB5D7 /* ChatMessagesVC.swift */; };
		84F9143527C5EC44000FB5D7 /* ChatMessagesTableViewCell.swift in Sources */ = {isa = PBXBuildFile; fileRef = 84F9143427C5EC44000FB5D7 /* ChatMessagesTableViewCell.swift */; };
/* End PBXBuildFile section */

/* Begin PBXFileReference section */
		1B40C949CF39C8207437C375 /* Pods-Firebase Chat.debug.xcconfig */ = {isa = PBXFileReference; includeInIndex = 1; lastKnownFileType = text.xcconfig; name = "Pods-Firebase Chat.debug.xcconfig"; path = "Target Support Files/Pods-Firebase Chat/Pods-Firebase Chat.debug.xcconfig"; sourceTree = "<group>"; };
		5ADDAD72987745EFF8199BEA /* Pods_Firebase_Chat.framework */ = {isa = PBXFileReference; explicitFileType = wrapper.framework; includeInIndex = 0; path = Pods_Firebase_Chat.framework; sourceTree = BUILT_PRODUCTS_DIR; };
		79BDEC69377A6462C02D6B1C /* Pods-Firebase Chat.release.xcconfig */ = {isa = PBXFileReference; includeInIndex = 1; lastKnownFileType = text.xcconfig; name = "Pods-Firebase Chat.release.xcconfig"; path = "Target Support Files/Pods-Firebase Chat/Pods-Firebase Chat.release.xcconfig"; sourceTree = "<group>"; };
		840A8F6C27951E0200E9CB95 /* FirestoreChatRoomsTableViewCell.swift */ = {isa = PBXFileReference; lastKnownFileType = sourcecode.swift; path = FirestoreChatRoomsTableViewCell.swift; sourceTree = "<group>"; };
		840A8F6E279537B300E9CB95 /* FirestoreChatMessages.storyboard */ = {isa = PBXFileReference; lastKnownFileType = file.storyboard; path = FirestoreChatMessages.storyboard; sourceTree = "<group>"; };
		840A8F7027953F7600E9CB95 /* FirestoreChatMessagesViewController.swift */ = {isa = PBXFileReference; lastKnownFileType = sourcecode.swift; path = FirestoreChatMessagesViewController.swift; sourceTree = "<group>"; };
		840A8F722796673D00E9CB95 /* FirestoreChatMessagesTableViewCell.swift */ = {isa = PBXFileReference; lastKnownFileType = sourcecode.swift; path = FirestoreChatMessagesTableViewCell.swift; sourceTree = "<group>"; };
		840B967727C37678008808D7 /* ChatRoomsTableViewCell.swift */ = {isa = PBXFileReference; lastKnownFileType = sourcecode.swift; path = ChatRoomsTableViewCell.swift; sourceTree = "<group>"; };
		84506DB227CF0FDA00F1CE73 /* SettingsVC.swift */ = {isa = PBXFileReference; lastKnownFileType = sourcecode.swift; path = SettingsVC.swift; sourceTree = "<group>"; };
		84506DB527CF180A00F1CE73 /* NewMessageVC.swift */ = {isa = PBXFileReference; lastKnownFileType = sourcecode.swift; path = NewMessageVC.swift; sourceTree = "<group>"; };
		84506DB827CF5E9700F1CE73 /* NewMessageChooseUserVC.swift */ = {isa = PBXFileReference; lastKnownFileType = sourcecode.swift; path = NewMessageChooseUserVC.swift; sourceTree = "<group>"; };
		84506DBA27D1B2EC00F1CE73 /* NewMessageChooseUserTableViewCell.swift */ = {isa = PBXFileReference; lastKnownFileType = sourcecode.swift; path = NewMessageChooseUserTableViewCell.swift; sourceTree = "<group>"; };
		845928C0278D5A3C004AEEBF /* FirestoreChatViewController.swift */ = {isa = PBXFileReference; lastKnownFileType = sourcecode.swift; path = FirestoreChatViewController.swift; sourceTree = "<group>"; };
		845928C2278E6D53004AEEBF /* FirestoreManager.swift */ = {isa = PBXFileReference; lastKnownFileType = sourcecode.swift; path = FirestoreManager.swift; sourceTree = "<group>"; };
		8469AD4E278BDF64004C6E85 /* ConversationTableViewCell.swift */ = {isa = PBXFileReference; lastKnownFileType = sourcecode.swift; path = ConversationTableViewCell.swift; sourceTree = "<group>"; };
		846EAB2F2769D4C5003EE00F /* Firebase Chat.app */ = {isa = PBXFileReference; explicitFileType = wrapper.application; includeInIndex = 0; path = "Firebase Chat.app"; sourceTree = BUILT_PRODUCTS_DIR; };
		846EAB322769D4C5003EE00F /* AppDelegate.swift */ = {isa = PBXFileReference; lastKnownFileType = sourcecode.swift; path = AppDelegate.swift; sourceTree = "<group>"; };
		846EAB342769D4C5003EE00F /* SceneDelegate.swift */ = {isa = PBXFileReference; lastKnownFileType = sourcecode.swift; path = SceneDelegate.swift; sourceTree = "<group>"; };
		846EAB362769D4C5003EE00F /* ConversationsViewController.swift */ = {isa = PBXFileReference; lastKnownFileType = sourcecode.swift; path = ConversationsViewController.swift; sourceTree = "<group>"; };
		846EAB392769D4C5003EE00F /* Base */ = {isa = PBXFileReference; lastKnownFileType = file.storyboard; name = Base; path = Base.lproj/Main.storyboard; sourceTree = "<group>"; };
		846EAB3B2769D4C8003EE00F /* Assets.xcassets */ = {isa = PBXFileReference; lastKnownFileType = folder.assetcatalog; path = Assets.xcassets; sourceTree = "<group>"; };
		846EAB3E2769D4C8003EE00F /* Base */ = {isa = PBXFileReference; lastKnownFileType = file.storyboard; name = Base; path = Base.lproj/LaunchScreen.storyboard; sourceTree = "<group>"; };
		846EAB402769D4C8003EE00F /* Info.plist */ = {isa = PBXFileReference; lastKnownFileType = text.plist.xml; path = Info.plist; sourceTree = "<group>"; };
		846EAB4C2769DF01003EE00F /* LoginViewController.swift */ = {isa = PBXFileReference; lastKnownFileType = sourcecode.swift; path = LoginViewController.swift; sourceTree = "<group>"; };
		846EAB4E2769DF1E003EE00F /* RegisterViewController.swift */ = {isa = PBXFileReference; lastKnownFileType = sourcecode.swift; path = RegisterViewController.swift; sourceTree = "<group>"; };
		846EAB542769DFB7003EE00F /* NewConversationViewController.swift */ = {isa = PBXFileReference; lastKnownFileType = sourcecode.swift; path = NewConversationViewController.swift; sourceTree = "<group>"; };
		846EAB562769DFDB003EE00F /* ProfileViewController.swift */ = {isa = PBXFileReference; lastKnownFileType = sourcecode.swift; path = ProfileViewController.swift; sourceTree = "<group>"; };
		846EAB592769F21D003EE00F /* Extensions.swift */ = {isa = PBXFileReference; lastKnownFileType = sourcecode.swift; path = Extensions.swift; sourceTree = "<group>"; };
		846EAB5B276B12F1003EE00F /* GoogleService-Info.plist */ = {isa = PBXFileReference; fileEncoding = 4; lastKnownFileType = text.plist.xml; path = "GoogleService-Info.plist"; sourceTree = "<group>"; };
		846EAB5D276B476D003EE00F /* DatabaseManager.swift */ = {isa = PBXFileReference; lastKnownFileType = sourcecode.swift; path = DatabaseManager.swift; sourceTree = "<group>"; };
		846EAB5F27703535003EE00F /* ChatViewController.swift */ = {isa = PBXFileReference; lastKnownFileType = sourcecode.swift; path = ChatViewController.swift; sourceTree = "<group>"; };
		8474E0992797AAD80021BB96 /* TimestampManager.swift */ = {isa = PBXFileReference; lastKnownFileType = sourcecode.swift; path = TimestampManager.swift; sourceTree = "<group>"; };
		8474E0A027A286CF0021BB96 /* Chat.swift */ = {isa = PBXFileReference; lastKnownFileType = sourcecode.swift; path = Chat.swift; sourceTree = "<group>"; };
		847CE04527716C60006F4A1D /* StorageManager.swift */ = {isa = PBXFileReference; lastKnownFileType = sourcecode.swift; path = StorageManager.swift; sourceTree = "<group>"; };
		84AB656F27ACB9BF00518261 /* Firebase Chat.entitlements */ = {isa = PBXFileReference; lastKnownFileType = text.plist.entitlements; path = "Firebase Chat.entitlements"; sourceTree = "<group>"; };
		84AB657327B3959F00518261 /* CoreData.xcdatamodel */ = {isa = PBXFileReference; lastKnownFileType = wrapper.xcdatamodel; path = CoreData.xcdatamodel; sourceTree = "<group>"; };
		84AF308327B6432B00F092DB /* CoreDataManager.swift */ = {isa = PBXFileReference; lastKnownFileType = sourcecode.swift; path = CoreDataManager.swift; sourceTree = "<group>"; };
		84BDCA8F27BCA26800120E3F /* FCMManager.swift */ = {isa = PBXFileReference; lastKnownFileType = sourcecode.swift; path = FCMManager.swift; sourceTree = "<group>"; };
		84BDCA9427BDE68600120E3F /* FirebaseManager.swift */ = {isa = PBXFileReference; lastKnownFileType = sourcecode.swift; path = FirebaseManager.swift; sourceTree = "<group>"; };
		84BDCA9627BDE98B00120E3F /* Login.storyboard */ = {isa = PBXFileReference; lastKnownFileType = file.storyboard; path = Login.storyboard; sourceTree = "<group>"; };
		84BDCA9827BDE99B00120E3F /* Register.storyboard */ = {isa = PBXFileReference; lastKnownFileType = file.storyboard; path = Register.storyboard; sourceTree = "<group>"; };
		84BDCA9C27BDE9D900120E3F /* ChatMessages.storyboard */ = {isa = PBXFileReference; lastKnownFileType = file.storyboard; path = ChatMessages.storyboard; sourceTree = "<group>"; };
		84BDCA9F27BDEA3C00120E3F /* Settings.storyboard */ = {isa = PBXFileReference; lastKnownFileType = file.storyboard; path = Settings.storyboard; sourceTree = "<group>"; };
		84BDCAA627BDEB9200120E3F /* RegisterVC.swift */ = {isa = PBXFileReference; lastKnownFileType = sourcecode.swift; path = RegisterVC.swift; sourceTree = "<group>"; };
		84BDCAA927BDEBB700120E3F /* LoginVC.swift */ = {isa = PBXFileReference; lastKnownFileType = sourcecode.swift; path = LoginVC.swift; sourceTree = "<group>"; };
		84BDCAAB27BDF71F00120E3F /* NewMessage.storyboard */ = {isa = PBXFileReference; lastKnownFileType = file.storyboard; path = NewMessage.storyboard; sourceTree = "<group>"; };
		84BDCAAD27BE1C9400120E3F /* NewMessageChooseUser.storyboard */ = {isa = PBXFileReference; lastKnownFileType = file.storyboard; path = NewMessageChooseUser.storyboard; sourceTree = "<group>"; };
		84D46CF127BB7DD8003DFFC7 /* UserOld.swift */ = {isa = PBXFileReference; lastKnownFileType = sourcecode.swift; path = UserOld.swift; sourceTree = "<group>"; };
		84D851BE27BE2DC1003FC8FD /* ChatRoomsVC.swift */ = {isa = PBXFileReference; lastKnownFileType = sourcecode.swift; path = ChatRoomsVC.swift; sourceTree = "<group>"; };
		84D851C227BE44AD003FC8FD /* AlertManager.swift */ = {isa = PBXFileReference; lastKnownFileType = sourcecode.swift; path = AlertManager.swift; sourceTree = "<group>"; };
		84F9143127C4E90E000FB5D7 /* ChatMessagesVC.swift */ = {isa = PBXFileReference; lastKnownFileType = sourcecode.swift; path = ChatMessagesVC.swift; sourceTree = "<group>"; };
		84F9143427C5EC44000FB5D7 /* ChatMessagesTableViewCell.swift */ = {isa = PBXFileReference; lastKnownFileType = sourcecode.swift; path = ChatMessagesTableViewCell.swift; sourceTree = "<group>"; };
/* End PBXFileReference section */

/* Begin PBXFrameworksBuildPhase section */
		846EAB2C2769D4C5003EE00F /* Frameworks */ = {
			isa = PBXFrameworksBuildPhase;
			buildActionMask = 2147483647;
			files = (
				84BDCA9127BCA3CA00120E3F /* Pods_Firebase_Chat.framework in Frameworks */,
			);
			runOnlyForDeploymentPostprocessing = 0;
		};
/* End PBXFrameworksBuildPhase section */

/* Begin PBXGroup section */
		1D0DC8504A211225BC5BE8C2 /* Pods */ = {
			isa = PBXGroup;
			children = (
				1B40C949CF39C8207437C375 /* Pods-Firebase Chat.debug.xcconfig */,
				79BDEC69377A6462C02D6B1C /* Pods-Firebase Chat.release.xcconfig */,
			);
			path = Pods;
			sourceTree = "<group>";
		};
		84506DB427CF0FE400F1CE73 /* Settings */ = {
			isa = PBXGroup;
			children = (
				84506DB227CF0FDA00F1CE73 /* SettingsVC.swift */,
			);
			path = Settings;
			sourceTree = "<group>";
		};
		84506DB727CF181500F1CE73 /* NewMessage */ = {
			isa = PBXGroup;
			children = (
				84506DB527CF180A00F1CE73 /* NewMessageVC.swift */,
				84506DB827CF5E9700F1CE73 /* NewMessageChooseUserVC.swift */,
				84506DBA27D1B2EC00F1CE73 /* NewMessageChooseUserTableViewCell.swift */,
			);
			path = NewMessage;
			sourceTree = "<group>";
		};
		846EAB262769D4C5003EE00F = {
			isa = PBXGroup;
			children = (
				846EAB312769D4C5003EE00F /* Firebase Chat */,
				846EAB302769D4C5003EE00F /* Products */,
				1D0DC8504A211225BC5BE8C2 /* Pods */,
				859C78088E72F9F39E1B0A04 /* Frameworks */,
			);
			sourceTree = "<group>";
		};
		846EAB302769D4C5003EE00F /* Products */ = {
			isa = PBXGroup;
			children = (
				846EAB2F2769D4C5003EE00F /* Firebase Chat.app */,
			);
			name = Products;
			sourceTree = "<group>";
		};
		846EAB312769D4C5003EE00F /* Firebase Chat */ = {
			isa = PBXGroup;
			children = (
				84AB656F27ACB9BF00518261 /* Firebase Chat.entitlements */,
				846EAB492769DDA6003EE00F /* Resources */,
				846EAB482769DD8A003EE00F /* Model */,
				846EAB472769DD83003EE00F /* View */,
				846EAB4A2769DDEC003EE00F /* Controller */,
				846EAB402769D4C8003EE00F /* Info.plist */,
				846EAB5B276B12F1003EE00F /* GoogleService-Info.plist */,
			);
			path = "Firebase Chat";
			sourceTree = "<group>";
		};
		846EAB472769DD83003EE00F /* View */ = {
			isa = PBXGroup;
			children = (
				846EAB3D2769D4C8003EE00F /* LaunchScreen.storyboard */,
				846EAB3B2769D4C8003EE00F /* Assets.xcassets */,
				84BDCAA227BDEABA00120E3F /* NEW */,
				84BDCAA127BDEAA000120E3F /* OLD */,
			);
			path = View;
			sourceTree = "<group>";
		};
		846EAB482769DD8A003EE00F /* Model */ = {
			isa = PBXGroup;
			children = (
				84AB657227B3959F00518261 /* CoreData.xcdatamodeld */,
			);
			path = Model;
			sourceTree = "<group>";
		};
		846EAB492769DDA6003EE00F /* Resources */ = {
			isa = PBXGroup;
			children = (
				846EAB322769D4C5003EE00F /* AppDelegate.swift */,
				846EAB342769D4C5003EE00F /* SceneDelegate.swift */,
				846EAB592769F21D003EE00F /* Extensions.swift */,
				84BDCA8F27BCA26800120E3F /* FCMManager.swift */,
				84AF308327B6432B00F092DB /* CoreDataManager.swift */,
				845928C2278E6D53004AEEBF /* FirestoreManager.swift */,
				84BDCA9427BDE68600120E3F /* FirebaseManager.swift */,
				847CE04527716C60006F4A1D /* StorageManager.swift */,
				846EAB5D276B476D003EE00F /* DatabaseManager.swift */,
				8474E0992797AAD80021BB96 /* TimestampManager.swift */,
				8474E0A027A286CF0021BB96 /* Chat.swift */,
				84D46CF127BB7DD8003DFFC7 /* UserOld.swift */,
				84D851C227BE44AD003FC8FD /* AlertManager.swift */,
			);
			path = Resources;
			sourceTree = "<group>";
		};
		846EAB4A2769DDEC003EE00F /* Controller */ = {
			isa = PBXGroup;
			children = (
				84BDCAA427BDEB3400120E3F /* NEW */,
				84BDCAA327BDEAD900120E3F /* OLD */,
			);
			path = Controller;
			sourceTree = "<group>";
		};
		846EAB4B2769DE06003EE00F /* Storyboard */ = {
			isa = PBXGroup;
			children = (
				840A8F6E279537B300E9CB95 /* FirestoreChatMessages.storyboard */,
			);
			path = Storyboard;
			sourceTree = "<group>";
		};
		846EAB582769E635003EE00F /* Login */ = {
			isa = PBXGroup;
			children = (
				846EAB4C2769DF01003EE00F /* LoginViewController.swift */,
			);
			path = Login;
			sourceTree = "<group>";
		};
		8474E0962797A82D0021BB96 /* Realtime Database Chat */ = {
			isa = PBXGroup;
			children = (
				846EAB362769D4C5003EE00F /* ConversationsViewController.swift */,
				8469AD4E278BDF64004C6E85 /* ConversationTableViewCell.swift */,
				846EAB542769DFB7003EE00F /* NewConversationViewController.swift */,
				846EAB5F27703535003EE00F /* ChatViewController.swift */,
			);
			path = "Realtime Database Chat";
			sourceTree = "<group>";
		};
		8474E0972797A85C0021BB96 /* Profile */ = {
			isa = PBXGroup;
			children = (
				846EAB562769DFDB003EE00F /* ProfileViewController.swift */,
			);
			path = Profile;
			sourceTree = "<group>";
		};
		8474E0982797A8820021BB96 /* Firestore Database Chat */ = {
			isa = PBXGroup;
			children = (
				845928C0278D5A3C004AEEBF /* FirestoreChatViewController.swift */,
				840A8F6C27951E0200E9CB95 /* FirestoreChatRoomsTableViewCell.swift */,
				840A8F7027953F7600E9CB95 /* FirestoreChatMessagesViewController.swift */,
				840A8F722796673D00E9CB95 /* FirestoreChatMessagesTableViewCell.swift */,
			);
			path = "Firestore Database Chat";
			sourceTree = "<group>";
		};
		8474E09B27A27E670021BB96 /* Register */ = {
			isa = PBXGroup;
			children = (
				846EAB4E2769DF1E003EE00F /* RegisterViewController.swift */,
			);
			path = Register;
			sourceTree = "<group>";
		};
		84BDCA9E27BDE9F500120E3F /* Storyboard */ = {
			isa = PBXGroup;
			children = (
				84D851B727BE2D05003FC8FD /* ChatRooms */,
				84D851B827BE2D11003FC8FD /* Login */,
				84D851B927BE2D28003FC8FD /* Register */,
				84D851BA27BE2D31003FC8FD /* NewMessage */,
				84D851BB27BE2D42003FC8FD /* ChatMessages */,
				84D851BC27BE2D59003FC8FD /* Settings */,
			);
			path = Storyboard;
			sourceTree = "<group>";
		};
		84BDCAA127BDEAA000120E3F /* OLD */ = {
			isa = PBXGroup;
			children = (
				846EAB4B2769DE06003EE00F /* Storyboard */,
			);
			path = OLD;
			sourceTree = "<group>";
		};
		84BDCAA227BDEABA00120E3F /* NEW */ = {
			isa = PBXGroup;
			children = (
				84BDCA9E27BDE9F500120E3F /* Storyboard */,
			);
			path = NEW;
			sourceTree = "<group>";
		};
		84BDCAA327BDEAD900120E3F /* OLD */ = {
			isa = PBXGroup;
			children = (
				8474E09B27A27E670021BB96 /* Register */,
				846EAB582769E635003EE00F /* Login */,
				8474E0972797A85C0021BB96 /* Profile */,
				8474E0982797A8820021BB96 /* Firestore Database Chat */,
				8474E0962797A82D0021BB96 /* Realtime Database Chat */,
			);
			path = OLD;
			sourceTree = "<group>";
		};
		84BDCAA427BDEB3400120E3F /* NEW */ = {
			isa = PBXGroup;
			children = (
				84D851BD27BE2DAB003FC8FD /* FirestoreChatRooms */,
				84BDCAA827BDEBA000120E3F /* Login */,
				84BDCAA527BDEB5400120E3F /* Register */,
				84F9143327C4E92E000FB5D7 /* FirestoreChatMessages */,
				84506DB427CF0FE400F1CE73 /* Settings */,
				84506DB727CF181500F1CE73 /* NewMessage */,
			);
			path = NEW;
			sourceTree = "<group>";
		};
		84BDCAA527BDEB5400120E3F /* Register */ = {
			isa = PBXGroup;
			children = (
				84BDCAA627BDEB9200120E3F /* RegisterVC.swift */,
			);
			path = Register;
			sourceTree = "<group>";
		};
		84BDCAA827BDEBA000120E3F /* Login */ = {
			isa = PBXGroup;
			children = (
				84BDCAA927BDEBB700120E3F /* LoginVC.swift */,
			);
			path = Login;
			sourceTree = "<group>";
		};
		84D851B727BE2D05003FC8FD /* ChatRooms */ = {
			isa = PBXGroup;
			children = (
				846EAB382769D4C5003EE00F /* Main.storyboard */,
			);
			path = ChatRooms;
			sourceTree = "<group>";
		};
		84D851B827BE2D11003FC8FD /* Login */ = {
			isa = PBXGroup;
			children = (
				84BDCA9627BDE98B00120E3F /* Login.storyboard */,
			);
			path = Login;
			sourceTree = "<group>";
		};
		84D851B927BE2D28003FC8FD /* Register */ = {
			isa = PBXGroup;
			children = (
				84BDCA9827BDE99B00120E3F /* Register.storyboard */,
			);
			path = Register;
			sourceTree = "<group>";
		};
		84D851BA27BE2D31003FC8FD /* NewMessage */ = {
			isa = PBXGroup;
			children = (
				84BDCAAB27BDF71F00120E3F /* NewMessage.storyboard */,
				84BDCAAD27BE1C9400120E3F /* NewMessageChooseUser.storyboard */,
			);
			path = NewMessage;
			sourceTree = "<group>";
		};
		84D851BB27BE2D42003FC8FD /* ChatMessages */ = {
			isa = PBXGroup;
			children = (
				84BDCA9C27BDE9D900120E3F /* ChatMessages.storyboard */,
			);
			path = ChatMessages;
			sourceTree = "<group>";
		};
		84D851BC27BE2D59003FC8FD /* Settings */ = {
			isa = PBXGroup;
			children = (
				84BDCA9F27BDEA3C00120E3F /* Settings.storyboard */,
			);
			path = Settings;
			sourceTree = "<group>";
		};
		84D851BD27BE2DAB003FC8FD /* FirestoreChatRooms */ = {
			isa = PBXGroup;
			children = (
				84D851BE27BE2DC1003FC8FD /* ChatRoomsVC.swift */,
				840B967727C37678008808D7 /* ChatRoomsTableViewCell.swift */,
			);
			path = FirestoreChatRooms;
			sourceTree = "<group>";
		};
		84F9143327C4E92E000FB5D7 /* FirestoreChatMessages */ = {
			isa = PBXGroup;
			children = (
				84F9143127C4E90E000FB5D7 /* ChatMessagesVC.swift */,
				84F9143427C5EC44000FB5D7 /* ChatMessagesTableViewCell.swift */,
			);
			path = FirestoreChatMessages;
			sourceTree = "<group>";
		};
		859C78088E72F9F39E1B0A04 /* Frameworks */ = {
			isa = PBXGroup;
			children = (
				5ADDAD72987745EFF8199BEA /* Pods_Firebase_Chat.framework */,
			);
			name = Frameworks;
			sourceTree = "<group>";
		};
/* End PBXGroup section */

/* Begin PBXNativeTarget section */
		846EAB2E2769D4C5003EE00F /* Firebase Chat */ = {
			isa = PBXNativeTarget;
			buildConfigurationList = 846EAB432769D4C8003EE00F /* Build configuration list for PBXNativeTarget "Firebase Chat" */;
			buildPhases = (
				1152D0EB1595E1AAC9D97409 /* [CP] Check Pods Manifest.lock */,
				846EAB2B2769D4C5003EE00F /* Sources */,
				846EAB2C2769D4C5003EE00F /* Frameworks */,
				846EAB2D2769D4C5003EE00F /* Resources */,
				122D1C75B564CFCD9F5443A3 /* [CP] Embed Pods Frameworks */,
			);
			buildRules = (
			);
			dependencies = (
			);
			name = "Firebase Chat";
			productName = "Firebase Chat";
			productReference = 846EAB2F2769D4C5003EE00F /* Firebase Chat.app */;
			productType = "com.apple.product-type.application";
		};
/* End PBXNativeTarget section */

/* Begin PBXProject section */
		846EAB272769D4C5003EE00F /* Project object */ = {
			isa = PBXProject;
			attributes = {
				LastSwiftUpdateCheck = 1250;
				LastUpgradeCheck = 1250;
				TargetAttributes = {
					846EAB2E2769D4C5003EE00F = {
						CreatedOnToolsVersion = 12.5;
					};
				};
			};
			buildConfigurationList = 846EAB2A2769D4C5003EE00F /* Build configuration list for PBXProject "Firebase Chat" */;
			compatibilityVersion = "Xcode 9.3";
			developmentRegion = en;
			hasScannedForEncodings = 0;
			knownRegions = (
				en,
				Base,
			);
			mainGroup = 846EAB262769D4C5003EE00F;
			productRefGroup = 846EAB302769D4C5003EE00F /* Products */;
			projectDirPath = "";
			projectRoot = "";
			targets = (
				846EAB2E2769D4C5003EE00F /* Firebase Chat */,
			);
		};
/* End PBXProject section */

/* Begin PBXResourcesBuildPhase section */
		846EAB2D2769D4C5003EE00F /* Resources */ = {
			isa = PBXResourcesBuildPhase;
			buildActionMask = 2147483647;
			files = (
				846EAB3F2769D4C8003EE00F /* LaunchScreen.storyboard in Resources */,
				846EAB5C276B12F1003EE00F /* GoogleService-Info.plist in Resources */,
				84BDCA9927BDE99B00120E3F /* Register.storyboard in Resources */,
				84BDCA9D27BDE9D900120E3F /* ChatMessages.storyboard in Resources */,
				84BDCA9727BDE98B00120E3F /* Login.storyboard in Resources */,
				84BDCAAC27BDF71F00120E3F /* NewMessage.storyboard in Resources */,
				846EAB3C2769D4C8003EE00F /* Assets.xcassets in Resources */,
				84BDCAAE27BE1C9400120E3F /* NewMessageChooseUser.storyboard in Resources */,
				846EAB3A2769D4C5003EE00F /* Main.storyboard in Resources */,
				840A8F6F279537B300E9CB95 /* FirestoreChatMessages.storyboard in Resources */,
				84BDCAA027BDEA3C00120E3F /* Settings.storyboard in Resources */,
			);
			runOnlyForDeploymentPostprocessing = 0;
		};
/* End PBXResourcesBuildPhase section */

/* Begin PBXShellScriptBuildPhase section */
		1152D0EB1595E1AAC9D97409 /* [CP] Check Pods Manifest.lock */ = {
			isa = PBXShellScriptBuildPhase;
			buildActionMask = 2147483647;
			files = (
			);
			inputFileListPaths = (
			);
			inputPaths = (
				"${PODS_PODFILE_DIR_PATH}/Podfile.lock",
				"${PODS_ROOT}/Manifest.lock",
			);
			name = "[CP] Check Pods Manifest.lock";
			outputFileListPaths = (
			);
			outputPaths = (
				"$(DERIVED_FILE_DIR)/Pods-Firebase Chat-checkManifestLockResult.txt",
			);
			runOnlyForDeploymentPostprocessing = 0;
			shellPath = /bin/sh;
			shellScript = "diff \"${PODS_PODFILE_DIR_PATH}/Podfile.lock\" \"${PODS_ROOT}/Manifest.lock\" > /dev/null\nif [ $? != 0 ] ; then\n    # print error to STDERR\n    echo \"error: The sandbox is not in sync with the Podfile.lock. Run 'pod install' or update your CocoaPods installation.\" >&2\n    exit 1\nfi\n# This output is used by Xcode 'outputs' to avoid re-running this script phase.\necho \"SUCCESS\" > \"${SCRIPT_OUTPUT_FILE_0}\"\n";
			showEnvVarsInLog = 0;
		};
		122D1C75B564CFCD9F5443A3 /* [CP] Embed Pods Frameworks */ = {
			isa = PBXShellScriptBuildPhase;
			buildActionMask = 2147483647;
			files = (
			);
			inputFileListPaths = (
				"${PODS_ROOT}/Target Support Files/Pods-Firebase Chat/Pods-Firebase Chat-frameworks-${CONFIGURATION}-input-files.xcfilelist",
			);
			name = "[CP] Embed Pods Frameworks";
			outputFileListPaths = (
				"${PODS_ROOT}/Target Support Files/Pods-Firebase Chat/Pods-Firebase Chat-frameworks-${CONFIGURATION}-output-files.xcfilelist",
			);
			runOnlyForDeploymentPostprocessing = 0;
			shellPath = /bin/sh;
			shellScript = "\"${PODS_ROOT}/Target Support Files/Pods-Firebase Chat/Pods-Firebase Chat-frameworks.sh\"\n";
			showEnvVarsInLog = 0;
		};
/* End PBXShellScriptBuildPhase section */

/* Begin PBXSourcesBuildPhase section */
		846EAB2B2769D4C5003EE00F /* Sources */ = {
			isa = PBXSourcesBuildPhase;
			buildActionMask = 2147483647;
			files = (
				84F9143227C4E90E000FB5D7 /* ChatMessagesVC.swift in Sources */,
				84F9143527C5EC44000FB5D7 /* ChatMessagesTableViewCell.swift in Sources */,
				846EAB4D2769DF01003EE00F /* LoginViewController.swift in Sources */,
				8474E0A127A286CF0021BB96 /* Chat.swift in Sources */,
				846EAB5E276B476D003EE00F /* DatabaseManager.swift in Sources */,
				84BDCA9027BCA26800120E3F /* FCMManager.swift in Sources */,
				846EAB4F2769DF1E003EE00F /* RegisterViewController.swift in Sources */,
				846EAB552769DFB7003EE00F /* NewConversationViewController.swift in Sources */,
				846EAB372769D4C5003EE00F /* ConversationsViewController.swift in Sources */,
				845928C1278D5A3C004AEEBF /* FirestoreChatViewController.swift in Sources */,
				84D851C327BE44AD003FC8FD /* AlertManager.swift in Sources */,
				846EAB5A2769F21E003EE00F /* Extensions.swift in Sources */,
				84D851BF27BE2DC1003FC8FD /* ChatRoomsVC.swift in Sources */,
				846EAB332769D4C5003EE00F /* AppDelegate.swift in Sources */,
				84AF308427B6432C00F092DB /* CoreDataManager.swift in Sources */,
				846EAB572769DFDB003EE00F /* ProfileViewController.swift in Sources */,
				84BDCA9527BDE68600120E3F /* FirebaseManager.swift in Sources */,
				840B967827C37678008808D7 /* ChatRoomsTableViewCell.swift in Sources */,
				840A8F7127953F7600E9CB95 /* FirestoreChatMessagesViewController.swift in Sources */,
				8474E09A2797AAD80021BB96 /* TimestampManager.swift in Sources */,
				846EAB352769D4C5003EE00F /* SceneDelegate.swift in Sources */,
				84506DB327CF0FDA00F1CE73 /* SettingsVC.swift in Sources */,
				8469AD4F278BDF64004C6E85 /* ConversationTableViewCell.swift in Sources */,
				846EAB6027703535003EE00F /* ChatViewController.swift in Sources */,
				840A8F6D27951E0200E9CB95 /* FirestoreChatRoomsTableViewCell.swift in Sources */,
				84BDCAA727BDEB9200120E3F /* RegisterVC.swift in Sources */,
				847CE04627716C60006F4A1D /* StorageManager.swift in Sources */,
				840A8F732796673D00E9CB95 /* FirestoreChatMessagesTableViewCell.swift in Sources */,
				84506DB627CF180A00F1CE73 /* NewMessageVC.swift in Sources */,
				84506DBB27D1B2EC00F1CE73 /* NewMessageChooseUserTableViewCell.swift in Sources */,
				84BDCAAA27BDEBB700120E3F /* LoginVC.swift in Sources */,
				845928C3278E6D54004AEEBF /* FirestoreManager.swift in Sources */,
				84AB657427B395A000518261 /* CoreData.xcdatamodeld in Sources */,
				84506DB927CF5E9700F1CE73 /* NewMessageChooseUserVC.swift in Sources */,
				84D46CF227BB7DD8003DFFC7 /* UserOld.swift in Sources */,
			);
			runOnlyForDeploymentPostprocessing = 0;
		};
/* End PBXSourcesBuildPhase section */

/* Begin PBXVariantGroup section */
		846EAB382769D4C5003EE00F /* Main.storyboard */ = {
			isa = PBXVariantGroup;
			children = (
				846EAB392769D4C5003EE00F /* Base */,
			);
			name = Main.storyboard;
			sourceTree = "<group>";
		};
		846EAB3D2769D4C8003EE00F /* LaunchScreen.storyboard */ = {
			isa = PBXVariantGroup;
			children = (
				846EAB3E2769D4C8003EE00F /* Base */,
			);
			name = LaunchScreen.storyboard;
			sourceTree = "<group>";
		};
/* End PBXVariantGroup section */

/* Begin XCBuildConfiguration section */
		846EAB412769D4C8003EE00F /* Debug */ = {
			isa = XCBuildConfiguration;
			buildSettings = {
				ALWAYS_SEARCH_USER_PATHS = NO;
				CLANG_ANALYZER_NONNULL = YES;
				CLANG_ANALYZER_NUMBER_OBJECT_CONVERSION = YES_AGGRESSIVE;
				CLANG_CXX_LANGUAGE_STANDARD = "gnu++14";
				CLANG_CXX_LIBRARY = "libc++";
				CLANG_ENABLE_MODULES = YES;
				CLANG_ENABLE_OBJC_ARC = YES;
				CLANG_ENABLE_OBJC_WEAK = YES;
				CLANG_WARN_BLOCK_CAPTURE_AUTORELEASING = YES;
				CLANG_WARN_BOOL_CONVERSION = YES;
				CLANG_WARN_COMMA = YES;
				CLANG_WARN_CONSTANT_CONVERSION = YES;
				CLANG_WARN_DEPRECATED_OBJC_IMPLEMENTATIONS = YES;
				CLANG_WARN_DIRECT_OBJC_ISA_USAGE = YES_ERROR;
				CLANG_WARN_DOCUMENTATION_COMMENTS = YES;
				CLANG_WARN_EMPTY_BODY = YES;
				CLANG_WARN_ENUM_CONVERSION = YES;
				CLANG_WARN_INFINITE_RECURSION = YES;
				CLANG_WARN_INT_CONVERSION = YES;
				CLANG_WARN_NON_LITERAL_NULL_CONVERSION = YES;
				CLANG_WARN_OBJC_IMPLICIT_RETAIN_SELF = YES;
				CLANG_WARN_OBJC_LITERAL_CONVERSION = YES;
				CLANG_WARN_OBJC_ROOT_CLASS = YES_ERROR;
				CLANG_WARN_QUOTED_INCLUDE_IN_FRAMEWORK_HEADER = YES;
				CLANG_WARN_RANGE_LOOP_ANALYSIS = YES;
				CLANG_WARN_STRICT_PROTOTYPES = YES;
				CLANG_WARN_SUSPICIOUS_MOVE = YES;
				CLANG_WARN_UNGUARDED_AVAILABILITY = YES_AGGRESSIVE;
				CLANG_WARN_UNREACHABLE_CODE = YES;
				CLANG_WARN__DUPLICATE_METHOD_MATCH = YES;
				COPY_PHASE_STRIP = NO;
				DEBUG_INFORMATION_FORMAT = dwarf;
				ENABLE_STRICT_OBJC_MSGSEND = YES;
				ENABLE_TESTABILITY = YES;
				GCC_C_LANGUAGE_STANDARD = gnu11;
				GCC_DYNAMIC_NO_PIC = NO;
				GCC_NO_COMMON_BLOCKS = YES;
				GCC_OPTIMIZATION_LEVEL = 0;
				GCC_PREPROCESSOR_DEFINITIONS = (
					"DEBUG=1",
					"$(inherited)",
				);
				GCC_WARN_64_TO_32_BIT_CONVERSION = YES;
				GCC_WARN_ABOUT_RETURN_TYPE = YES_ERROR;
				GCC_WARN_UNDECLARED_SELECTOR = YES;
				GCC_WARN_UNINITIALIZED_AUTOS = YES_AGGRESSIVE;
				GCC_WARN_UNUSED_FUNCTION = YES;
				GCC_WARN_UNUSED_VARIABLE = YES;
				IPHONEOS_DEPLOYMENT_TARGET = 14.5;
				MTL_ENABLE_DEBUG_INFO = INCLUDE_SOURCE;
				MTL_FAST_MATH = YES;
				ONLY_ACTIVE_ARCH = YES;
				SDKROOT = iphoneos;
				SWIFT_ACTIVE_COMPILATION_CONDITIONS = DEBUG;
				SWIFT_OPTIMIZATION_LEVEL = "-Onone";
			};
			name = Debug;
		};
		846EAB422769D4C8003EE00F /* Release */ = {
			isa = XCBuildConfiguration;
			buildSettings = {
				ALWAYS_SEARCH_USER_PATHS = NO;
				CLANG_ANALYZER_NONNULL = YES;
				CLANG_ANALYZER_NUMBER_OBJECT_CONVERSION = YES_AGGRESSIVE;
				CLANG_CXX_LANGUAGE_STANDARD = "gnu++14";
				CLANG_CXX_LIBRARY = "libc++";
				CLANG_ENABLE_MODULES = YES;
				CLANG_ENABLE_OBJC_ARC = YES;
				CLANG_ENABLE_OBJC_WEAK = YES;
				CLANG_WARN_BLOCK_CAPTURE_AUTORELEASING = YES;
				CLANG_WARN_BOOL_CONVERSION = YES;
				CLANG_WARN_COMMA = YES;
				CLANG_WARN_CONSTANT_CONVERSION = YES;
				CLANG_WARN_DEPRECATED_OBJC_IMPLEMENTATIONS = YES;
				CLANG_WARN_DIRECT_OBJC_ISA_USAGE = YES_ERROR;
				CLANG_WARN_DOCUMENTATION_COMMENTS = YES;
				CLANG_WARN_EMPTY_BODY = YES;
				CLANG_WARN_ENUM_CONVERSION = YES;
				CLANG_WARN_INFINITE_RECURSION = YES;
				CLANG_WARN_INT_CONVERSION = YES;
				CLANG_WARN_NON_LITERAL_NULL_CONVERSION = YES;
				CLANG_WARN_OBJC_IMPLICIT_RETAIN_SELF = YES;
				CLANG_WARN_OBJC_LITERAL_CONVERSION = YES;
				CLANG_WARN_OBJC_ROOT_CLASS = YES_ERROR;
				CLANG_WARN_QUOTED_INCLUDE_IN_FRAMEWORK_HEADER = YES;
				CLANG_WARN_RANGE_LOOP_ANALYSIS = YES;
				CLANG_WARN_STRICT_PROTOTYPES = YES;
				CLANG_WARN_SUSPICIOUS_MOVE = YES;
				CLANG_WARN_UNGUARDED_AVAILABILITY = YES_AGGRESSIVE;
				CLANG_WARN_UNREACHABLE_CODE = YES;
				CLANG_WARN__DUPLICATE_METHOD_MATCH = YES;
				COPY_PHASE_STRIP = NO;
				DEBUG_INFORMATION_FORMAT = "dwarf-with-dsym";
				ENABLE_NS_ASSERTIONS = NO;
				ENABLE_STRICT_OBJC_MSGSEND = YES;
				GCC_C_LANGUAGE_STANDARD = gnu11;
				GCC_NO_COMMON_BLOCKS = YES;
				GCC_WARN_64_TO_32_BIT_CONVERSION = YES;
				GCC_WARN_ABOUT_RETURN_TYPE = YES_ERROR;
				GCC_WARN_UNDECLARED_SELECTOR = YES;
				GCC_WARN_UNINITIALIZED_AUTOS = YES_AGGRESSIVE;
				GCC_WARN_UNUSED_FUNCTION = YES;
				GCC_WARN_UNUSED_VARIABLE = YES;
				IPHONEOS_DEPLOYMENT_TARGET = 14.5;
				MTL_ENABLE_DEBUG_INFO = NO;
				MTL_FAST_MATH = YES;
				SDKROOT = iphoneos;
				SWIFT_COMPILATION_MODE = wholemodule;
				SWIFT_OPTIMIZATION_LEVEL = "-O";
				VALIDATE_PRODUCT = YES;
			};
			name = Release;
		};
		846EAB442769D4C8003EE00F /* Debug */ = {
			isa = XCBuildConfiguration;
			baseConfigurationReference = 1B40C949CF39C8207437C375 /* Pods-Firebase Chat.debug.xcconfig */;
			buildSettings = {
				ASSETCATALOG_COMPILER_APPICON_NAME = AppIcon;
				ASSETCATALOG_COMPILER_GLOBAL_ACCENT_COLOR_NAME = AccentColor;
				CODE_SIGN_ENTITLEMENTS = "Firebase Chat/Firebase Chat.entitlements";
				CODE_SIGN_STYLE = Automatic;
				DEVELOPMENT_TEAM = 933M28RU85;
				INFOPLIST_FILE = "Firebase Chat/Info.plist";
				IPHONEOS_DEPLOYMENT_TARGET = 13.0;
				LD_RUNPATH_SEARCH_PATHS = (
					"$(inherited)",
					"@executable_path/Frameworks",
				);
				PRODUCT_BUNDLE_IDENTIFIER = "alwan.Firebase-Chat";
				PRODUCT_NAME = "$(TARGET_NAME)";
				SWIFT_VERSION = 5.0;
				TARGETED_DEVICE_FAMILY = "1,2";
			};
			name = Debug;
		};
		846EAB452769D4C8003EE00F /* Release */ = {
			isa = XCBuildConfiguration;
			baseConfigurationReference = 79BDEC69377A6462C02D6B1C /* Pods-Firebase Chat.release.xcconfig */;
			buildSettings = {
				ASSETCATALOG_COMPILER_APPICON_NAME = AppIcon;
				ASSETCATALOG_COMPILER_GLOBAL_ACCENT_COLOR_NAME = AccentColor;
				CODE_SIGN_ENTITLEMENTS = "Firebase Chat/Firebase Chat.entitlements";
				CODE_SIGN_STYLE = Automatic;
				DEVELOPMENT_TEAM = 933M28RU85;
				INFOPLIST_FILE = "Firebase Chat/Info.plist";
				IPHONEOS_DEPLOYMENT_TARGET = 13.0;
				LD_RUNPATH_SEARCH_PATHS = (
					"$(inherited)",
					"@executable_path/Frameworks",
				);
				PRODUCT_BUNDLE_IDENTIFIER = "alwan.Firebase-Chat";
				PRODUCT_NAME = "$(TARGET_NAME)";
				SWIFT_VERSION = 5.0;
				TARGETED_DEVICE_FAMILY = "1,2";
			};
			name = Release;
		};
/* End XCBuildConfiguration section */

/* Begin XCConfigurationList section */
		846EAB2A2769D4C5003EE00F /* Build configuration list for PBXProject "Firebase Chat" */ = {
			isa = XCConfigurationList;
			buildConfigurations = (
				846EAB412769D4C8003EE00F /* Debug */,
				846EAB422769D4C8003EE00F /* Release */,
			);
			defaultConfigurationIsVisible = 0;
			defaultConfigurationName = Release;
		};
		846EAB432769D4C8003EE00F /* Build configuration list for PBXNativeTarget "Firebase Chat" */ = {
			isa = XCConfigurationList;
			buildConfigurations = (
				846EAB442769D4C8003EE00F /* Debug */,
				846EAB452769D4C8003EE00F /* Release */,
			);
			defaultConfigurationIsVisible = 0;
			defaultConfigurationName = Release;
		};
/* End XCConfigurationList section */

/* Begin XCVersionGroup section */
		84AB657227B3959F00518261 /* CoreData.xcdatamodeld */ = {
			isa = XCVersionGroup;
			children = (
				84AB657327B3959F00518261 /* CoreData.xcdatamodel */,
			);
			currentVersion = 84AB657327B3959F00518261 /* CoreData.xcdatamodel */;
			path = CoreData.xcdatamodeld;
			sourceTree = "<group>";
			versionGroupType = wrapper.xcdatamodel;
		};
/* End XCVersionGroup section */
	};
	rootObject = 846EAB272769D4C5003EE00F /* Project object */;
}
